
Microsoft Visual Studio Solution File, Format Version 12.00
# Visual Studio Version 16
VisualStudioVersion = 16.0.32228.343
MinimumVisualStudioVersion = 10.0.40219.1
Project("{D2ABAB84-BF74-430A-B69E-9DC6D40DDA17}") = "DataMining", "DataMining\DataMining.dwproj", "{F33F0148-B936-4F75-9410-DADFC842103F}"
EndProject
Global
	GlobalSection(SolutionConfigurationPlatforms) = preSolution
		Development|Default = Development|Default
	EndGlobalSection
	GlobalSection(ProjectConfigurationPlatforms) = postSolution
		{F33F0148-B936-4F75-9410-DADFC842103F}.Development|Default.ActiveCfg = Development
		{F33F0148-B936-4F75-9410-DADFC842103F}.Development|Default.Build.0 = Development
		{F33F0148-B936-4F75-9410-DADFC842103F}.Development|Default.Deploy.0 = Development
	EndGlobalSection
	GlobalSection(SolutionProperties) = preSolution
		HideSolutionNode = FALSE
	EndGlobalSection
	GlobalSection(ExtensibilityGlobals) = postSolution
		SolutionGuid = {F4314D74-BAA9-4271-863E-9DBA86151AFB}
	EndGlobalSection
EndGlobal
