
Microsoft Visual Studio Solution File, Format Version 12.00
# Visual Studio Version 16
VisualStudioVersion = 16.0.32228.343
MinimumVisualStudioVersion = 10.0.40219.1
Project("{D2ABAB84-BF74-430A-B69E-9DC6D40DDA17}") = "SSAS_OLAP", "SSAS_OLAP\SSAS_OLAP.dwproj", "{83699A1E-89EC-4E9B-B4DF-3B4DF2647914}"
EndProject
Global
	GlobalSection(SolutionConfigurationPlatforms) = preSolution
		Development|Default = Development|Default
	EndGlobalSection
	GlobalSection(ProjectConfigurationPlatforms) = postSolution
		{83699A1E-89EC-4E9B-B4DF-3B4DF2647914}.Development|Default.ActiveCfg = Development
		{83699A1E-89EC-4E9B-B4DF-3B4DF2647914}.Development|Default.Build.0 = Development
		{83699A1E-89EC-4E9B-B4DF-3B4DF2647914}.Development|Default.Deploy.0 = Development
	EndGlobalSection
	GlobalSection(SolutionProperties) = preSolution
		HideSolutionNode = FALSE
	EndGlobalSection
	GlobalSection(ExtensibilityGlobals) = postSolution
		SolutionGuid = {33DBCD5F-B374-4EDB-950D-526D84C8EBE2}
	EndGlobalSection
EndGlobal
